// !$*UTF8*$!
{
	archiveVersion = 1;
	classes = {
	};
	objectVersion = 55;
	objects = {

/* Begin PBXBuildFile section */
		162046A82888527C00B5E316 /* EasyPeasy in Frameworks */ = {isa = PBXBuildFile; productRef = 162046A72888527C00B5E316 /* EasyPeasy */; };
		16A3B64A2888534D00A45653 /* Swift-InAppMessaging in Frameworks */ = {isa = PBXBuildFile; productRef = 16A3B6492888534D00A45653 /* Swift-InAppMessaging */; };
		16A3B64D2888538300A45653 /* ChatService.swift in Sources */ = {isa = PBXBuildFile; fileRef = 16A3B64C2888538300A45653 /* ChatService.swift */; };
		16A3B650288853DE00A45653 /* UserDefault.swift in Sources */ = {isa = PBXBuildFile; fileRef = 16A3B64F288853DE00A45653 /* UserDefault.swift */; };
		16A3B65328885E4A00A45653 /* UIViewController+Extension.swift in Sources */ = {isa = PBXBuildFile; fileRef = 16A3B65228885E4A00A45653 /* UIViewController+Extension.swift */; };
		16A3B65528885E5E00A45653 /* UserDefaults+Extension.swift in Sources */ = {isa = PBXBuildFile; fileRef = 16A3B65428885E5E00A45653 /* UserDefaults+Extension.swift */; };
		16A3B65828885E7D00A45653 /* ReferenceViewController.swift in Sources */ = {isa = PBXBuildFile; fileRef = 16A3B65728885E7D00A45653 /* ReferenceViewController.swift */; };
		16A3B65A28885EB000A45653 /* UIView+Extension.swift in Sources */ = {isa = PBXBuildFile; fileRef = 16A3B65928885EB000A45653 /* UIView+Extension.swift */; };
		16A3B65C288865C900A45653 /* UILabel+Extension.swift in Sources */ = {isa = PBXBuildFile; fileRef = 16A3B65B288865C900A45653 /* UILabel+Extension.swift */; };
		16A3B65E2888682300A45653 /* UIButton+Extension.swift in Sources */ = {isa = PBXBuildFile; fileRef = 16A3B65D2888682300A45653 /* UIButton+Extension.swift */; };
		16CE65DB288851EB00A97AAF /* AppDelegate.swift in Sources */ = {isa = PBXBuildFile; fileRef = 16CE65DA288851EB00A97AAF /* AppDelegate.swift */; };
		16CE65DF288851EB00A97AAF /* RootViewController.swift in Sources */ = {isa = PBXBuildFile; fileRef = 16CE65DE288851EB00A97AAF /* RootViewController.swift */; };
		16CE65E4288851EE00A97AAF /* Assets.xcassets in Resources */ = {isa = PBXBuildFile; fileRef = 16CE65E3288851EE00A97AAF /* Assets.xcassets */; };
		16CE65E7288851EE00A97AAF /* LaunchScreen.storyboard in Resources */ = {isa = PBXBuildFile; fileRef = 16CE65E5288851EE00A97AAF /* LaunchScreen.storyboard */; };
/* End PBXBuildFile section */

/* Begin PBXFileReference section */
		16A3B64C2888538300A45653 /* ChatService.swift */ = {isa = PBXFileReference; lastKnownFileType = sourcecode.swift; path = ChatService.swift; sourceTree = "<group>"; };
		16A3B64F288853DE00A45653 /* UserDefault.swift */ = {isa = PBXFileReference; lastKnownFileType = sourcecode.swift; path = UserDefault.swift; sourceTree = "<group>"; };
		16A3B65228885E4A00A45653 /* UIViewController+Extension.swift */ = {isa = PBXFileReference; lastKnownFileType = sourcecode.swift; path = "UIViewController+Extension.swift"; sourceTree = "<group>"; };
		16A3B65428885E5E00A45653 /* UserDefaults+Extension.swift */ = {isa = PBXFileReference; lastKnownFileType = sourcecode.swift; path = "UserDefaults+Extension.swift"; sourceTree = "<group>"; };
		16A3B65728885E7D00A45653 /* ReferenceViewController.swift */ = {isa = PBXFileReference; lastKnownFileType = sourcecode.swift; path = ReferenceViewController.swift; sourceTree = "<group>"; };
		16A3B65928885EB000A45653 /* UIView+Extension.swift */ = {isa = PBXFileReference; lastKnownFileType = sourcecode.swift; path = "UIView+Extension.swift"; sourceTree = "<group>"; };
		16A3B65B288865C900A45653 /* UILabel+Extension.swift */ = {isa = PBXFileReference; lastKnownFileType = sourcecode.swift; path = "UILabel+Extension.swift"; sourceTree = "<group>"; };
		16A3B65D2888682300A45653 /* UIButton+Extension.swift */ = {isa = PBXFileReference; lastKnownFileType = sourcecode.swift; path = "UIButton+Extension.swift"; sourceTree = "<group>"; };
		16CE65D7288851EB00A97AAF /* salesforce-test.app */ = {isa = PBXFileReference; explicitFileType = wrapper.application; includeInIndex = 0; path = "salesforce-test.app"; sourceTree = BUILT_PRODUCTS_DIR; };
		16CE65DA288851EB00A97AAF /* AppDelegate.swift */ = {isa = PBXFileReference; lastKnownFileType = sourcecode.swift; path = AppDelegate.swift; sourceTree = "<group>"; };
		16CE65DE288851EB00A97AAF /* RootViewController.swift */ = {isa = PBXFileReference; lastKnownFileType = sourcecode.swift; path = RootViewController.swift; sourceTree = "<group>"; };
		16CE65E3288851EE00A97AAF /* Assets.xcassets */ = {isa = PBXFileReference; lastKnownFileType = folder.assetcatalog; path = Assets.xcassets; sourceTree = "<group>"; };
		16CE65E6288851EE00A97AAF /* Base */ = {isa = PBXFileReference; lastKnownFileType = file.storyboard; name = Base; path = Base.lproj/LaunchScreen.storyboard; sourceTree = "<group>"; };
		16CE65E8288851EE00A97AAF /* Info.plist */ = {isa = PBXFileReference; lastKnownFileType = text.plist.xml; path = Info.plist; sourceTree = "<group>"; };
/* End PBXFileReference section */

/* Begin PBXFrameworksBuildPhase section */
		16CE65D4288851EB00A97AAF /* Frameworks */ = {
			isa = PBXFrameworksBuildPhase;
			buildActionMask = 2147483647;
			files = (
				16A3B64A2888534D00A45653 /* Swift-InAppMessaging in Frameworks */,
				162046A82888527C00B5E316 /* EasyPeasy in Frameworks */,
			);
			runOnlyForDeploymentPostprocessing = 0;
		};
/* End PBXFrameworksBuildPhase section */

/* Begin PBXGroup section */
		16A3B64B2888537900A45653 /* Services */ = {
			isa = PBXGroup;
			children = (
				16A3B64C2888538300A45653 /* ChatService.swift */,
			);
			path = Services;
			sourceTree = "<group>";
		};
		16A3B64E288853D400A45653 /* PropertyWrappers */ = {
			isa = PBXGroup;
			children = (
				16A3B64F288853DE00A45653 /* UserDefault.swift */,
			);
			path = PropertyWrappers;
			sourceTree = "<group>";
		};
		16A3B65128885E3F00A45653 /* Extensions */ = {
			isa = PBXGroup;
			children = (
				16A3B65228885E4A00A45653 /* UIViewController+Extension.swift */,
				16A3B65428885E5E00A45653 /* UserDefaults+Extension.swift */,
				16A3B65928885EB000A45653 /* UIView+Extension.swift */,
				16A3B65B288865C900A45653 /* UILabel+Extension.swift */,
				16A3B65D2888682300A45653 /* UIButton+Extension.swift */,
			);
			path = Extensions;
			sourceTree = "<group>";
		};
		16A3B65628885E7300A45653 /* ViewControllers */ = {
			isa = PBXGroup;
			children = (
				16A3B65728885E7D00A45653 /* ReferenceViewController.swift */,
			);
			path = ViewControllers;
			sourceTree = "<group>";
		};
		16CE65CE288851EB00A97AAF = {
			isa = PBXGroup;
			children = (
				16CE65D9288851EB00A97AAF /* salesforce-test */,
				16CE65D8288851EB00A97AAF /* Products */,
			);
			sourceTree = "<group>";
		};
		16CE65D8288851EB00A97AAF /* Products */ = {
			isa = PBXGroup;
			children = (
				16CE65D7288851EB00A97AAF /* salesforce-test.app */,
			);
			name = Products;
			sourceTree = "<group>";
		};
		16CE65D9288851EB00A97AAF /* salesforce-test */ = {
			isa = PBXGroup;
			children = (
				16A3B65628885E7300A45653 /* ViewControllers */,
				16A3B65128885E3F00A45653 /* Extensions */,
				16A3B64E288853D400A45653 /* PropertyWrappers */,
				16A3B64B2888537900A45653 /* Services */,
				16CE65DA288851EB00A97AAF /* AppDelegate.swift */,
				16CE65DE288851EB00A97AAF /* RootViewController.swift */,
				16CE65E3288851EE00A97AAF /* Assets.xcassets */,
				16CE65E5288851EE00A97AAF /* LaunchScreen.storyboard */,
				16CE65E8288851EE00A97AAF /* Info.plist */,
			);
			path = "salesforce-test";
			sourceTree = "<group>";
		};
/* End PBXGroup section */

/* Begin PBXNativeTarget section */
		16CE65D6288851EB00A97AAF /* salesforce-test */ = {
			isa = PBXNativeTarget;
			buildConfigurationList = 16CE65EB288851EE00A97AAF /* Build configuration list for PBXNativeTarget "salesforce-test" */;
			buildPhases = (
				16CE65D3288851EB00A97AAF /* Sources */,
				16CE65D4288851EB00A97AAF /* Frameworks */,
				16CE65D5288851EB00A97AAF /* Resources */,
			);
			buildRules = (
			);
			dependencies = (
			);
			name = "salesforce-test";
			packageProductDependencies = (
				162046A72888527C00B5E316 /* EasyPeasy */,
				16A3B6492888534D00A45653 /* Swift-InAppMessaging */,
			);
			productName = "salesforce-test";
			productReference = 16CE65D7288851EB00A97AAF /* salesforce-test.app */;
			productType = "com.apple.product-type.application";
		};
/* End PBXNativeTarget section */

/* Begin PBXProject section */
		16CE65CF288851EB00A97AAF /* Project object */ = {
			isa = PBXProject;
			attributes = {
				BuildIndependentTargetsInParallel = 1;
				LastSwiftUpdateCheck = 1340;
				LastUpgradeCheck = 1340;
				TargetAttributes = {
					16CE65D6288851EB00A97AAF = {
						CreatedOnToolsVersion = 13.4.1;
					};
				};
			};
			buildConfigurationList = 16CE65D2288851EB00A97AAF /* Build configuration list for PBXProject "salesforce-test" */;
			compatibilityVersion = "Xcode 13.0";
			developmentRegion = en;
			hasScannedForEncodings = 0;
			knownRegions = (
				en,
				Base,
			);
			mainGroup = 16CE65CE288851EB00A97AAF;
			packageReferences = (
				162046A62888527C00B5E316 /* XCRemoteSwiftPackageReference "EasyPeasy" */,
				16A3B6482888534D00A45653 /* XCRemoteSwiftPackageReference "Swift-Package-InAppMessaging" */,
			);
			productRefGroup = 16CE65D8288851EB00A97AAF /* Products */;
			projectDirPath = "";
			projectRoot = "";
			targets = (
				16CE65D6288851EB00A97AAF /* salesforce-test */,
			);
		};
/* End PBXProject section */

/* Begin PBXResourcesBuildPhase section */
		16CE65D5288851EB00A97AAF /* Resources */ = {
			isa = PBXResourcesBuildPhase;
			buildActionMask = 2147483647;
			files = (
				16CE65E7288851EE00A97AAF /* LaunchScreen.storyboard in Resources */,
				16CE65E4288851EE00A97AAF /* Assets.xcassets in Resources */,
			);
			runOnlyForDeploymentPostprocessing = 0;
		};
/* End PBXResourcesBuildPhase section */

/* Begin PBXSourcesBuildPhase section */
		16CE65D3288851EB00A97AAF /* Sources */ = {
			isa = PBXSourcesBuildPhase;
			buildActionMask = 2147483647;
			files = (
				16A3B650288853DE00A45653 /* UserDefault.swift in Sources */,
				16CE65DF288851EB00A97AAF /* RootViewController.swift in Sources */,
				16A3B65A28885EB000A45653 /* UIView+Extension.swift in Sources */,
				16A3B65E2888682300A45653 /* UIButton+Extension.swift in Sources */,
				16CE65DB288851EB00A97AAF /* AppDelegate.swift in Sources */,
				16A3B65C288865C900A45653 /* UILabel+Extension.swift in Sources */,
				16A3B65328885E4A00A45653 /* UIViewController+Extension.swift in Sources */,
				16A3B65828885E7D00A45653 /* ReferenceViewController.swift in Sources */,
				16A3B65528885E5E00A45653 /* UserDefaults+Extension.swift in Sources */,
				16A3B64D2888538300A45653 /* ChatService.swift in Sources */,
			);
			runOnlyForDeploymentPostprocessing = 0;
		};
/* End PBXSourcesBuildPhase section */

/* Begin PBXVariantGroup section */
		16CE65E5288851EE00A97AAF /* LaunchScreen.storyboard */ = {
			isa = PBXVariantGroup;
			children = (
				16CE65E6288851EE00A97AAF /* Base */,
			);
			name = LaunchScreen.storyboard;
			sourceTree = "<group>";
		};
/* End PBXVariantGroup section */

/* Begin XCBuildConfiguration section */
		16CE65E9288851EE00A97AAF /* Debug */ = {
			isa = XCBuildConfiguration;
			buildSettings = {
				ALWAYS_SEARCH_USER_PATHS = NO;
				CLANG_ANALYZER_NONNULL = YES;
				CLANG_ANALYZER_NUMBER_OBJECT_CONVERSION = YES_AGGRESSIVE;
				CLANG_CXX_LANGUAGE_STANDARD = "gnu++17";
				CLANG_ENABLE_MODULES = YES;
				CLANG_ENABLE_OBJC_ARC = YES;
				CLANG_ENABLE_OBJC_WEAK = YES;
				CLANG_WARN_BLOCK_CAPTURE_AUTORELEASING = YES;
				CLANG_WARN_BOOL_CONVERSION = YES;
				CLANG_WARN_COMMA = YES;
				CLANG_WARN_CONSTANT_CONVERSION = YES;
				CLANG_WARN_DEPRECATED_OBJC_IMPLEMENTATIONS = YES;
				CLANG_WARN_DIRECT_OBJC_ISA_USAGE = YES_ERROR;
				CLANG_WARN_DOCUMENTATION_COMMENTS = YES;
				CLANG_WARN_EMPTY_BODY = YES;
				CLANG_WARN_ENUM_CONVERSION = YES;
				CLANG_WARN_INFINITE_RECURSION = YES;
				CLANG_WARN_INT_CONVERSION = YES;
				CLANG_WARN_NON_LITERAL_NULL_CONVERSION = YES;
				CLANG_WARN_OBJC_IMPLICIT_RETAIN_SELF = YES;
				CLANG_WARN_OBJC_LITERAL_CONVERSION = YES;
				CLANG_WARN_OBJC_ROOT_CLASS = YES_ERROR;
				CLANG_WARN_QUOTED_INCLUDE_IN_FRAMEWORK_HEADER = YES;
				CLANG_WARN_RANGE_LOOP_ANALYSIS = YES;
				CLANG_WARN_STRICT_PROTOTYPES = YES;
				CLANG_WARN_SUSPICIOUS_MOVE = YES;
				CLANG_WARN_UNGUARDED_AVAILABILITY = YES_AGGRESSIVE;
				CLANG_WARN_UNREACHABLE_CODE = YES;
				CLANG_WARN__DUPLICATE_METHOD_MATCH = YES;
				COPY_PHASE_STRIP = NO;
				DEBUG_INFORMATION_FORMAT = dwarf;
				ENABLE_STRICT_OBJC_MSGSEND = YES;
				ENABLE_TESTABILITY = YES;
				GCC_C_LANGUAGE_STANDARD = gnu11;
				GCC_DYNAMIC_NO_PIC = NO;
				GCC_NO_COMMON_BLOCKS = YES;
				GCC_OPTIMIZATION_LEVEL = 0;
				GCC_PREPROCESSOR_DEFINITIONS = (
					"DEBUG=1",
					"$(inherited)",
				);
				GCC_WARN_64_TO_32_BIT_CONVERSION = YES;
				GCC_WARN_ABOUT_RETURN_TYPE = YES_ERROR;
				GCC_WARN_UNDECLARED_SELECTOR = YES;
				GCC_WARN_UNINITIALIZED_AUTOS = YES_AGGRESSIVE;
				GCC_WARN_UNUSED_FUNCTION = YES;
				GCC_WARN_UNUSED_VARIABLE = YES;
				IPHONEOS_DEPLOYMENT_TARGET = 15.5;
				MTL_ENABLE_DEBUG_INFO = INCLUDE_SOURCE;
				MTL_FAST_MATH = YES;
				ONLY_ACTIVE_ARCH = YES;
				SDKROOT = iphoneos;
				SWIFT_ACTIVE_COMPILATION_CONDITIONS = DEBUG;
				SWIFT_OPTIMIZATION_LEVEL = "-Onone";
			};
			name = Debug;
		};
		16CE65EA288851EE00A97AAF /* Release */ = {
			isa = XCBuildConfiguration;
			buildSettings = {
				ALWAYS_SEARCH_USER_PATHS = NO;
				CLANG_ANALYZER_NONNULL = YES;
				CLANG_ANALYZER_NUMBER_OBJECT_CONVERSION = YES_AGGRESSIVE;
				CLANG_CXX_LANGUAGE_STANDARD = "gnu++17";
				CLANG_ENABLE_MODULES = YES;
				CLANG_ENABLE_OBJC_ARC = YES;
				CLANG_ENABLE_OBJC_WEAK = YES;
				CLANG_WARN_BLOCK_CAPTURE_AUTORELEASING = YES;
				CLANG_WARN_BOOL_CONVERSION = YES;
				CLANG_WARN_COMMA = YES;
				CLANG_WARN_CONSTANT_CONVERSION = YES;
				CLANG_WARN_DEPRECATED_OBJC_IMPLEMENTATIONS = YES;
				CLANG_WARN_DIRECT_OBJC_ISA_USAGE = YES_ERROR;
				CLANG_WARN_DOCUMENTATION_COMMENTS = YES;
				CLANG_WARN_EMPTY_BODY = YES;
				CLANG_WARN_ENUM_CONVERSION = YES;
				CLANG_WARN_INFINITE_RECURSION = YES;
				CLANG_WARN_INT_CONVERSION = YES;
				CLANG_WARN_NON_LITERAL_NULL_CONVERSION = YES;
				CLANG_WARN_OBJC_IMPLICIT_RETAIN_SELF = YES;
				CLANG_WARN_OBJC_LITERAL_CONVERSION = YES;
				CLANG_WARN_OBJC_ROOT_CLASS = YES_ERROR;
				CLANG_WARN_QUOTED_INCLUDE_IN_FRAMEWORK_HEADER = YES;
				CLANG_WARN_RANGE_LOOP_ANALYSIS = YES;
				CLANG_WARN_STRICT_PROTOTYPES = YES;
				CLANG_WARN_SUSPICIOUS_MOVE = YES;
				CLANG_WARN_UNGUARDED_AVAILABILITY = YES_AGGRESSIVE;
				CLANG_WARN_UNREACHABLE_CODE = YES;
				CLANG_WARN__DUPLICATE_METHOD_MATCH = YES;
				COPY_PHASE_STRIP = NO;
				DEBUG_INFORMATION_FORMAT = "dwarf-with-dsym";
				ENABLE_NS_ASSERTIONS = NO;
				ENABLE_STRICT_OBJC_MSGSEND = YES;
				GCC_C_LANGUAGE_STANDARD = gnu11;
				GCC_NO_COMMON_BLOCKS = YES;
				GCC_WARN_64_TO_32_BIT_CONVERSION = YES;
				GCC_WARN_ABOUT_RETURN_TYPE = YES_ERROR;
				GCC_WARN_UNDECLARED_SELECTOR = YES;
				GCC_WARN_UNINITIALIZED_AUTOS = YES_AGGRESSIVE;
				GCC_WARN_UNUSED_FUNCTION = YES;
				GCC_WARN_UNUSED_VARIABLE = YES;
				IPHONEOS_DEPLOYMENT_TARGET = 15.5;
				MTL_ENABLE_DEBUG_INFO = NO;
				MTL_FAST_MATH = YES;
				SDKROOT = iphoneos;
				SWIFT_COMPILATION_MODE = wholemodule;
				SWIFT_OPTIMIZATION_LEVEL = "-O";
				VALIDATE_PRODUCT = YES;
			};
			name = Release;
		};
		16CE65EC288851EE00A97AAF /* Debug */ = {
			isa = XCBuildConfiguration;
			buildSettings = {
				ASSETCATALOG_COMPILER_APPICON_NAME = AppIcon;
				ASSETCATALOG_COMPILER_GLOBAL_ACCENT_COLOR_NAME = AccentColor;
				CODE_SIGN_STYLE = Automatic;
				CURRENT_PROJECT_VERSION = 1;
				DEVELOPMENT_TEAM = 6V4EX2JJHV;
				GENERATE_INFOPLIST_FILE = YES;
				INFOPLIST_FILE = "salesforce-test/Info.plist";
				INFOPLIST_KEY_UIApplicationSupportsIndirectInputEvents = YES;
				INFOPLIST_KEY_UILaunchStoryboardName = LaunchScreen;
				INFOPLIST_KEY_UISupportedInterfaceOrientations_iPad = "UIInterfaceOrientationPortrait UIInterfaceOrientationPortraitUpsideDown UIInterfaceOrientationLandscapeLeft UIInterfaceOrientationLandscapeRight";
				INFOPLIST_KEY_UISupportedInterfaceOrientations_iPhone = "UIInterfaceOrientationPortrait UIInterfaceOrientationLandscapeLeft UIInterfaceOrientationLandscapeRight";
				LD_RUNPATH_SEARCH_PATHS = (
					"$(inherited)",
					"@executable_path/Frameworks",
				);
				MARKETING_VERSION = 1.0;
				PRODUCT_BUNDLE_IDENTIFIER = "dev.kevinh.test.salesforce-test";
				PRODUCT_NAME = "$(TARGET_NAME)";
				SWIFT_EMIT_LOC_STRINGS = YES;
				SWIFT_VERSION = 5.0;
				TARGETED_DEVICE_FAMILY = 1;
			};
			name = Debug;
		};
		16CE65ED288851EE00A97AAF /* Release */ = {
			isa = XCBuildConfiguration;
			buildSettings = {
				ASSETCATALOG_COMPILER_APPICON_NAME = AppIcon;
				ASSETCATALOG_COMPILER_GLOBAL_ACCENT_COLOR_NAME = AccentColor;
				CODE_SIGN_STYLE = Automatic;
				CURRENT_PROJECT_VERSION = 1;
				DEVELOPMENT_TEAM = 6V4EX2JJHV;
				GENERATE_INFOPLIST_FILE = YES;
				INFOPLIST_FILE = "salesforce-test/Info.plist";
				INFOPLIST_KEY_UIApplicationSupportsIndirectInputEvents = YES;
				INFOPLIST_KEY_UILaunchStoryboardName = LaunchScreen;
				INFOPLIST_KEY_UISupportedInterfaceOrientations_iPad = "UIInterfaceOrientationPortrait UIInterfaceOrientationPortraitUpsideDown UIInterfaceOrientationLandscapeLeft UIInterfaceOrientationLandscapeRight";
				INFOPLIST_KEY_UISupportedInterfaceOrientations_iPhone = "UIInterfaceOrientationPortrait UIInterfaceOrientationLandscapeLeft UIInterfaceOrientationLandscapeRight";
				LD_RUNPATH_SEARCH_PATHS = (
					"$(inherited)",
					"@executable_path/Frameworks",
				);
				MARKETING_VERSION = 1.0;
				PRODUCT_BUNDLE_IDENTIFIER = "dev.kevinh.test.salesforce-test";
				PRODUCT_NAME = "$(TARGET_NAME)";
				SWIFT_EMIT_LOC_STRINGS = YES;
				SWIFT_VERSION = 5.0;
				TARGETED_DEVICE_FAMILY = 1;
			};
			name = Release;
		};
/* End XCBuildConfiguration section */

/* Begin XCConfigurationList section */
		16CE65D2288851EB00A97AAF /* Build configuration list for PBXProject "salesforce-test" */ = {
			isa = XCConfigurationList;
			buildConfigurations = (
				16CE65E9288851EE00A97AAF /* Debug */,
				16CE65EA288851EE00A97AAF /* Release */,
			);
			defaultConfigurationIsVisible = 0;
			defaultConfigurationName = Release;
		};
		16CE65EB288851EE00A97AAF /* Build configuration list for PBXNativeTarget "salesforce-test" */ = {
			isa = XCConfigurationList;
			buildConfigurations = (
				16CE65EC288851EE00A97AAF /* Debug */,
				16CE65ED288851EE00A97AAF /* Release */,
			);
			defaultConfigurationIsVisible = 0;
			defaultConfigurationName = Release;
		};
/* End XCConfigurationList section */

/* Begin XCRemoteSwiftPackageReference section */
		162046A62888527C00B5E316 /* XCRemoteSwiftPackageReference "EasyPeasy" */ = {
			isa = XCRemoteSwiftPackageReference;
			repositoryURL = "https://github.com/nakiostudio/EasyPeasy.git";
			requirement = {
				branch = master;
				kind = branch;
			};
		};
		16A3B6482888534D00A45653 /* XCRemoteSwiftPackageReference "Swift-Package-InAppMessaging" */ = {
			isa = XCRemoteSwiftPackageReference;
			repositoryURL = "https://github.com/Salesforce-Async-Messaging/Swift-Package-InAppMessaging";
			requirement = {
				branch = main;
				kind = branch;
			};
		};
/* End XCRemoteSwiftPackageReference section */

/* Begin XCSwiftPackageProductDependency section */
		162046A72888527C00B5E316 /* EasyPeasy */ = {
			isa = XCSwiftPackageProductDependency;
			package = 162046A62888527C00B5E316 /* XCRemoteSwiftPackageReference "EasyPeasy" */;
			productName = EasyPeasy;
		};
		16A3B6492888534D00A45653 /* Swift-InAppMessaging */ = {
			isa = XCSwiftPackageProductDependency;
			package = 16A3B6482888534D00A45653 /* XCRemoteSwiftPackageReference "Swift-Package-InAppMessaging" */;
			productName = "Swift-InAppMessaging";
		};
/* End XCSwiftPackageProductDependency section */
	};
	rootObject = 16CE65CF288851EB00A97AAF /* Project object */;
}
